
Microsoft Visual Studio Solution File, Format Version 12.00
# Visual Studio Version 17
VisualStudioVersion = 17.2.32422.2
MinimumVisualStudioVersion = 10.0.40219.1
Project("{FAE04EC0-301F-11D3-BF4B-00C04F79EFBC}") = "SolarSystem.Android", "SolarSystem.Android\SolarSystem.Android.csproj", "{A925AD41-A576-4EC5-A35B-4E6722A01853}"
EndProject
Project("{9A19103F-16F7-4668-BE54-9A1E7A4F7556}") = "SolarSystem", "SolarSystem\SolarSystem.csproj", "{A162D068-4719-4DE8-BFEE-1FAA7AB42F70}"
EndProject
Global
	GlobalSection(SolutionConfigurationPlatforms) = preSolution
		Debug|Any CPU = Debug|Any CPU
		Debug|ARM = Debug|ARM
		Debug|x64 = Debug|x64
		Debug|x86 = Debug|x86
		Release|Any CPU = Release|Any CPU
		Release|ARM = Release|ARM
		Release|x64 = Release|x64
		Release|x86 = Release|x86
	EndGlobalSection
	GlobalSection(ProjectConfigurationPlatforms) = postSolution
		{A925AD41-A576-4EC5-A35B-4E6722A01853}.Debug|Any CPU.ActiveCfg = Debug|Any CPU
		{A925AD41-A576-4EC5-A35B-4E6722A01853}.Debug|Any CPU.Build.0 = Debug|Any CPU
		{A925AD41-A576-4EC5-A35B-4E6722A01853}.Debug|Any CPU.Deploy.0 = Debug|Any CPU
		{A925AD41-A576-4EC5-A35B-4E6722A01853}.Debug|ARM.ActiveCfg = Debug|Any CPU
		{A925AD41-A576-4EC5-A35B-4E6722A01853}.Debug|ARM.Build.0 = Debug|Any CPU
		{A925AD41-A576-4EC5-A35B-4E6722A01853}.Debug|ARM.Deploy.0 = Debug|Any CPU
		{A925AD41-A576-4EC5-A35B-4E6722A01853}.Debug|x64.ActiveCfg = Debug|Any CPU
		{A925AD41-A576-4EC5-A35B-4E6722A01853}.Debug|x64.Build.0 = Debug|Any CPU
		{A925AD41-A576-4EC5-A35B-4E6722A01853}.Debug|x64.Deploy.0 = Debug|Any CPU
		{A925AD41-A576-4EC5-A35B-4E6722A01853}.Debug|x86.ActiveCfg = Debug|Any CPU
		{A925AD41-A576-4EC5-A35B-4E6722A01853}.Debug|x86.Build.0 = Debug|Any CPU
		{A925AD41-A576-4EC5-A35B-4E6722A01853}.Debug|x86.Deploy.0 = Debug|Any CPU
		{A925AD41-A576-4EC5-A35B-4E6722A01853}.Release|Any CPU.ActiveCfg = Release|Any CPU
		{A925AD41-A576-4EC5-A35B-4E6722A01853}.Release|Any CPU.Build.0 = Release|Any CPU
		{A925AD41-A576-4EC5-A35B-4E6722A01853}.Release|Any CPU.Deploy.0 = Release|Any CPU
		{A925AD41-A576-4EC5-A35B-4E6722A01853}.Release|ARM.ActiveCfg = Release|Any CPU
		{A925AD41-A576-4EC5-A35B-4E6722A01853}.Release|ARM.Build.0 = Release|Any CPU
		{A925AD41-A576-4EC5-A35B-4E6722A01853}.Release|ARM.Deploy.0 = Release|Any CPU
		{A925AD41-A576-4EC5-A35B-4E6722A01853}.Release|x64.ActiveCfg = Release|Any CPU
		{A925AD41-A576-4EC5-A35B-4E6722A01853}.Release|x64.Build.0 = Release|Any CPU
		{A925AD41-A576-4EC5-A35B-4E6722A01853}.Release|x64.Deploy.0 = Release|Any CPU
		{A925AD41-A576-4EC5-A35B-4E6722A01853}.Release|x86.ActiveCfg = Release|Any CPU
		{A925AD41-A576-4EC5-A35B-4E6722A01853}.Release|x86.Build.0 = Release|Any CPU
		{A925AD41-A576-4EC5-A35B-4E6722A01853}.Release|x86.Deploy.0 = Release|Any CPU
		{A162D068-4719-4DE8-BFEE-1FAA7AB42F70}.Debug|Any CPU.ActiveCfg = Debug|Any CPU
		{A162D068-4719-4DE8-BFEE-1FAA7AB42F70}.Debug|Any CPU.Build.0 = Debug|Any CPU
		{A162D068-4719-4DE8-BFEE-1FAA7AB42F70}.Debug|Any CPU.Deploy.0 = Debug|Any CPU
		{A162D068-4719-4DE8-BFEE-1FAA7AB42F70}.Debug|ARM.ActiveCfg = Debug|Any CPU
		{A162D068-4719-4DE8-BFEE-1FAA7AB42F70}.Debug|ARM.Build.0 = Debug|Any CPU
		{A162D068-4719-4DE8-BFEE-1FAA7AB42F70}.Debug|ARM.Deploy.0 = Debug|Any CPU
		{A162D068-4719-4DE8-BFEE-1FAA7AB42F70}.Debug|x64.ActiveCfg = Debug|Any CPU
		{A162D068-4719-4DE8-BFEE-1FAA7AB42F70}.Debug|x64.Build.0 = Debug|Any CPU
		{A162D068-4719-4DE8-BFEE-1FAA7AB42F70}.Debug|x64.Deploy.0 = Debug|Any CPU
		{A162D068-4719-4DE8-BFEE-1FAA7AB42F70}.Debug|x86.ActiveCfg = Debug|Any CPU
		{A162D068-4719-4DE8-BFEE-1FAA7AB42F70}.Debug|x86.Build.0 = Debug|Any CPU
		{A162D068-4719-4DE8-BFEE-1FAA7AB42F70}.Debug|x86.Deploy.0 = Debug|Any CPU
		{A162D068-4719-4DE8-BFEE-1FAA7AB42F70}.Release|Any CPU.ActiveCfg = Release|Any CPU
		{A162D068-4719-4DE8-BFEE-1FAA7AB42F70}.Release|Any CPU.Build.0 = Release|Any CPU
		{A162D068-4719-4DE8-BFEE-1FAA7AB42F70}.Release|Any CPU.Deploy.0 = Release|Any CPU
		{A162D068-4719-4DE8-BFEE-1FAA7AB42F70}.Release|ARM.ActiveCfg = Release|Any CPU
		{A162D068-4719-4DE8-BFEE-1FAA7AB42F70}.Release|ARM.Build.0 = Release|Any CPU
		{A162D068-4719-4DE8-BFEE-1FAA7AB42F70}.Release|ARM.Deploy.0 = Release|Any CPU
		{A162D068-4719-4DE8-BFEE-1FAA7AB42F70}.Release|x64.ActiveCfg = Release|Any CPU
		{A162D068-4719-4DE8-BFEE-1FAA7AB42F70}.Release|x64.Build.0 = Release|Any CPU
		{A162D068-4719-4DE8-BFEE-1FAA7AB42F70}.Release|x64.Deploy.0 = Release|Any CPU
		{A162D068-4719-4DE8-BFEE-1FAA7AB42F70}.Release|x86.ActiveCfg = Release|Any CPU
		{A162D068-4719-4DE8-BFEE-1FAA7AB42F70}.Release|x86.Build.0 = Release|Any CPU
		{A162D068-4719-4DE8-BFEE-1FAA7AB42F70}.Release|x86.Deploy.0 = Release|Any CPU
	EndGlobalSection
	GlobalSection(SolutionProperties) = preSolution
		HideSolutionNode = FALSE
	EndGlobalSection
	GlobalSection(ExtensibilityGlobals) = postSolution
		SolutionGuid = {7B8D1DE9-9219-45DD-B29C-D4FCC50AB259}
	EndGlobalSection
EndGlobal
